
Microsoft Visual Studio Solution File, Format Version 12.00
# Visual Studio Version 17
VisualStudioVersion = 17.5.002.0
MinimumVisualStudioVersion = 10.0.40219.1
Project("{9A19103F-16F7-4668-BE54-9A1E7A4F7556}") = "ContaCorrenteAPI", "ContaCorrenteAPI\ContaCorrenteAPI.csproj", "{4CA7CCAF-0CF4-445A-905C-C7752A2CD653}"
EndProject
Global
	GlobalSection(SolutionConfigurationPlatforms) = preSolution
		Debug|Any CPU = Debug|Any CPU
		Release|Any CPU = Release|Any CPU
	EndGlobalSection
	GlobalSection(ProjectConfigurationPlatforms) = postSolution
		{4CA7CCAF-0CF4-445A-905C-C7752A2CD653}.Debug|Any CPU.ActiveCfg = Debug|Any CPU
		{4CA7CCAF-0CF4-445A-905C-C7752A2CD653}.Debug|Any CPU.Build.0 = Debug|Any CPU
		{4CA7CCAF-0CF4-445A-905C-C7752A2CD653}.Release|Any CPU.ActiveCfg = Release|Any CPU
		{4CA7CCAF-0CF4-445A-905C-C7752A2CD653}.Release|Any CPU.Build.0 = Release|Any CPU
	EndGlobalSection
	GlobalSection(SolutionProperties) = preSolution
		HideSolutionNode = FALSE
	EndGlobalSection
	GlobalSection(ExtensibilityGlobals) = postSolution
		SolutionGuid = {F1F6495B-0D2D-41CF-9ECF-CBEFA6908944}
	EndGlobalSection
EndGlobal
